
Microsoft Visual Studio Solution File, Format Version 12.00
# Visual Studio 14
VisualStudioVersion = 14.0.25123.0
MinimumVisualStudioVersion = 10.0.40219.1
Project("{2150E333-8FDC-42A3-9474-1A3956D46DE8}") = "Infra", "Infra", "{7C56E70A-CD6C-4BA1-A39C-4F7F1812AD5B}"
EndProject
Project("{2150E333-8FDC-42A3-9474-1A3956D46DE8}") = "CrossCutting", "CrossCutting", "{692D4EA3-F2C7-4A39-AAAA-58E85B167FFC}"
EndProject
Project("{FAE04EC0-301F-11D3-BF4B-00C04F79EFBC}") = "ProjetoEstudoIdentity.Infra.CrossCutting.Identity", "ProjetoEstudoIdentity.Infra.CrossCutting.Identity\ProjetoEstudoIdentity.Infra.CrossCutting.Identity.csproj", "{CF61FBC9-F446-406D-BF5C-99760F3A07AA}"
EndProject
Project("{FAE04EC0-301F-11D3-BF4B-00C04F79EFBC}") = "ProjetoEstudoIdentity.Infra.CrossCutting.IoC", "ProjetoEstudoIdentity.Infra.CrossCutting.IoC\ProjetoEstudoIdentity.Infra.CrossCutting.IoC.csproj", "{06B52D80-266E-4C04-903C-6622A28FACDE}"
EndProject
Project("{2150E333-8FDC-42A3-9474-1A3956D46DE8}") = "Data", "Data", "{F42186DB-18C5-4E99-8A79-86E3207DD6FA}"
EndProject
Project("{FAE04EC0-301F-11D3-BF4B-00C04F79EFBC}") = "ProjetoEstudoIdentity.Infra.Data", "ProjetoEstudoIdentity.Infra.Data\ProjetoEstudoIdentity.Infra.Data.csproj", "{DF5AC992-1626-41A6-9873-433C3F997AE3}"
EndProject
Project("{2150E333-8FDC-42A3-9474-1A3956D46DE8}") = "Domain", "Domain", "{89513775-07A1-4A7B-BAED-7CE0F59257EB}"
EndProject
Project("{FAE04EC0-301F-11D3-BF4B-00C04F79EFBC}") = "ProjetoEstudoIdentity.Domain", "ProjetoEstudoIdentity.Domain\ProjetoEstudoIdentity.Domain.csproj", "{C5D6D9DD-CD7B-42C1-B71A-BDB9C92021D5}"
EndProject
Project("{2150E333-8FDC-42A3-9474-1A3956D46DE8}") = "Services", "Services", "{B4CA1210-B93E-45E5-98F1-D5091B126876}"
EndProject
Project("{FAE04EC0-301F-11D3-BF4B-00C04F79EFBC}") = "ProjetoEstudoIdentity.Services.API", "ProjetoEstudoIdentity.Services.API\ProjetoEstudoIdentity.Services.API.csproj", "{57C62007-32D8-45C3-B507-2CF5B9CC01C2}"
EndProject
Project("{2150E333-8FDC-42A3-9474-1A3956D46DE8}") = "Presentation", "Presentation", "{F553CF33-90C8-4DD8-A7B7-4D638C2E9FA3}"
EndProject
Project("{FAE04EC0-301F-11D3-BF4B-00C04F79EFBC}") = "ProjetoEstudoIdentity.Presentation.MVC", "ProjetoEstudoIdentity.Presentation.MVC\ProjetoEstudoIdentity.Presentation.MVC.csproj", "{63DFC656-F08F-46D6-B013-B3EC95784276}"
EndProject
Global
	GlobalSection(SolutionConfigurationPlatforms) = preSolution
		Debug|Any CPU = Debug|Any CPU
		Release|Any CPU = Release|Any CPU
	EndGlobalSection
	GlobalSection(ProjectConfigurationPlatforms) = postSolution
		{CF61FBC9-F446-406D-BF5C-99760F3A07AA}.Debug|Any CPU.ActiveCfg = Debug|Any CPU
		{CF61FBC9-F446-406D-BF5C-99760F3A07AA}.Debug|Any CPU.Build.0 = Debug|Any CPU
		{CF61FBC9-F446-406D-BF5C-99760F3A07AA}.Release|Any CPU.ActiveCfg = Release|Any CPU
		{CF61FBC9-F446-406D-BF5C-99760F3A07AA}.Release|Any CPU.Build.0 = Release|Any CPU
		{06B52D80-266E-4C04-903C-6622A28FACDE}.Debug|Any CPU.ActiveCfg = Debug|Any CPU
		{06B52D80-266E-4C04-903C-6622A28FACDE}.Debug|Any CPU.Build.0 = Debug|Any CPU
		{06B52D80-266E-4C04-903C-6622A28FACDE}.Release|Any CPU.ActiveCfg = Release|Any CPU
		{06B52D80-266E-4C04-903C-6622A28FACDE}.Release|Any CPU.Build.0 = Release|Any CPU
		{DF5AC992-1626-41A6-9873-433C3F997AE3}.Debug|Any CPU.ActiveCfg = Debug|Any CPU
		{DF5AC992-1626-41A6-9873-433C3F997AE3}.Debug|Any CPU.Build.0 = Debug|Any CPU
		{DF5AC992-1626-41A6-9873-433C3F997AE3}.Release|Any CPU.ActiveCfg = Release|Any CPU
		{DF5AC992-1626-41A6-9873-433C3F997AE3}.Release|Any CPU.Build.0 = Release|Any CPU
		{C5D6D9DD-CD7B-42C1-B71A-BDB9C92021D5}.Debug|Any CPU.ActiveCfg = Debug|Any CPU
		{C5D6D9DD-CD7B-42C1-B71A-BDB9C92021D5}.Debug|Any CPU.Build.0 = Debug|Any CPU
		{C5D6D9DD-CD7B-42C1-B71A-BDB9C92021D5}.Release|Any CPU.ActiveCfg = Release|Any CPU
		{C5D6D9DD-CD7B-42C1-B71A-BDB9C92021D5}.Release|Any CPU.Build.0 = Release|Any CPU
		{57C62007-32D8-45C3-B507-2CF5B9CC01C2}.Debug|Any CPU.ActiveCfg = Debug|Any CPU
		{57C62007-32D8-45C3-B507-2CF5B9CC01C2}.Debug|Any CPU.Build.0 = Debug|Any CPU
		{57C62007-32D8-45C3-B507-2CF5B9CC01C2}.Release|Any CPU.ActiveCfg = Release|Any CPU
		{57C62007-32D8-45C3-B507-2CF5B9CC01C2}.Release|Any CPU.Build.0 = Release|Any CPU
		{63DFC656-F08F-46D6-B013-B3EC95784276}.Debug|Any CPU.ActiveCfg = Debug|Any CPU
		{63DFC656-F08F-46D6-B013-B3EC95784276}.Debug|Any CPU.Build.0 = Debug|Any CPU
		{63DFC656-F08F-46D6-B013-B3EC95784276}.Release|Any CPU.ActiveCfg = Release|Any CPU
		{63DFC656-F08F-46D6-B013-B3EC95784276}.Release|Any CPU.Build.0 = Release|Any CPU
	EndGlobalSection
	GlobalSection(SolutionProperties) = preSolution
		HideSolutionNode = FALSE
	EndGlobalSection
	GlobalSection(NestedProjects) = preSolution
		{692D4EA3-F2C7-4A39-AAAA-58E85B167FFC} = {7C56E70A-CD6C-4BA1-A39C-4F7F1812AD5B}
		{CF61FBC9-F446-406D-BF5C-99760F3A07AA} = {692D4EA3-F2C7-4A39-AAAA-58E85B167FFC}
		{06B52D80-266E-4C04-903C-6622A28FACDE} = {692D4EA3-F2C7-4A39-AAAA-58E85B167FFC}
		{F42186DB-18C5-4E99-8A79-86E3207DD6FA} = {7C56E70A-CD6C-4BA1-A39C-4F7F1812AD5B}
		{DF5AC992-1626-41A6-9873-433C3F997AE3} = {F42186DB-18C5-4E99-8A79-86E3207DD6FA}
		{C5D6D9DD-CD7B-42C1-B71A-BDB9C92021D5} = {89513775-07A1-4A7B-BAED-7CE0F59257EB}
		{57C62007-32D8-45C3-B507-2CF5B9CC01C2} = {B4CA1210-B93E-45E5-98F1-D5091B126876}
		{63DFC656-F08F-46D6-B013-B3EC95784276} = {F553CF33-90C8-4DD8-A7B7-4D638C2E9FA3}
	EndGlobalSection
EndGlobal
